// !$*UTF8*$!
{
	archiveVersion = 1;
	classes = {
	};
	objectVersion = 77;
	objects = {

/* Begin PBXBuildFile section */
		07AAAA4C4F9E0E3B9AEAB0E6 /* HistoryView.swift in Sources */ = {isa = PBXBuildFile; fileRef = FBC19A543E459CFE9C8F7BEA /* HistoryView.swift */; };
		0C943CC5A00CBFEDAB8F256D /* AppBootstrap.swift in Sources */ = {isa = PBXBuildFile; fileRef = C12322653DF30954F37F01AF /* AppBootstrap.swift */; };
		2B54E61E07F5174385F4A133 /* ErrorBanner.swift in Sources */ = {isa = PBXBuildFile; fileRef = DCBC3E6F9EB0BCB3B76588B8 /* ErrorBanner.swift */; };
		4E48D98913AF399C22FC6164 /* PianobarCore in Frameworks */ = {isa = PBXBuildFile; productRef = 150E4869B0E0764AD2D55501 /* PianobarCore */; };
		563F4A76E47351576496291A /* SessionSnapshot.swift in Sources */ = {isa = PBXBuildFile; fileRef = CDF6D2FDA80F91D75A970C43 /* SessionSnapshot.swift */; };
		56B71C28564382892C6625CC /* NotificationPresenter.swift in Sources */ = {isa = PBXBuildFile; fileRef = D60D0DE7DD8F552AFC71D4F1 /* NotificationPresenter.swift */; };
		5B38113740DE745403CDEAAC /* GlobalHotkeys.swift in Sources */ = {isa = PBXBuildFile; fileRef = 48F5113C2E33A46619F61AB0 /* GlobalHotkeys.swift */; };
		658AEB12A888379C64342287 /* SystemVolume.swift in Sources */ = {isa = PBXBuildFile; fileRef = F1E6802747EFF524E135F3E3 /* SystemVolume.swift */; };
		9043EC6B5D2ED6FA44E223DC /* MenuBar.swift in Sources */ = {isa = PBXBuildFile; fileRef = 0B27A33793EFCD536E4CE7D1 /* MenuBar.swift */; };
		A0AA32140B4EE7C02AC47234 /* MainWindowView.swift in Sources */ = {isa = PBXBuildFile; fileRef = 9CAC15D89B673192722274EC /* MainWindowView.swift */; };
		BDEA039AC61C621EB3FCDD71 /* PreferencesView.swift in Sources */ = {isa = PBXBuildFile; fileRef = F131B6A830377123C387B091 /* PreferencesView.swift */; };
		D6FDBE89C173B604A693917F /* LoginView.swift in Sources */ = {isa = PBXBuildFile; fileRef = 42A133FADB073A0E23B2FEDE /* LoginView.swift */; };
		D70DF8A974C65F39212755DB /* NowPlayingBridge.swift in Sources */ = {isa = PBXBuildFile; fileRef = 7E61C01A9FD4B908B4910C6D /* NowPlayingBridge.swift */; };
		E145C93EA899C688EB5E985A /* PianobarGUIApp.swift in Sources */ = {isa = PBXBuildFile; fileRef = DC907284417A2ED90AE92C82 /* PianobarGUIApp.swift */; };
		F0D1D777ABDAEF27887D3867 /* NowPlayingView.swift in Sources */ = {isa = PBXBuildFile; fileRef = 1BC5936206EFA2AD9926CC64 /* NowPlayingView.swift */; };
		F40435B8A65FFE21EF7A36A1 /* Prefs.swift in Sources */ = {isa = PBXBuildFile; fileRef = 55E5367FD41FCDDF946E82B0 /* Prefs.swift */; };
		F4E702972F0693C68B0B6784 /* StationsSidebarView.swift in Sources */ = {isa = PBXBuildFile; fileRef = E86A9EEEF6B2F335456AAA1A /* StationsSidebarView.swift */; };
/* End PBXBuildFile section */

/* Begin PBXFileReference section */
		0B27A33793EFCD536E4CE7D1 /* MenuBar.swift */ = {isa = PBXFileReference; lastKnownFileType = sourcecode.swift; path = MenuBar.swift; sourceTree = "<group>"; };
		1BC5936206EFA2AD9926CC64 /* NowPlayingView.swift */ = {isa = PBXFileReference; lastKnownFileType = sourcecode.swift; path = NowPlayingView.swift; sourceTree = "<group>"; };
		42A133FADB073A0E23B2FEDE /* LoginView.swift */ = {isa = PBXFileReference; lastKnownFileType = sourcecode.swift; path = LoginView.swift; sourceTree = "<group>"; };
		48F5113C2E33A46619F61AB0 /* GlobalHotkeys.swift */ = {isa = PBXFileReference; lastKnownFileType = sourcecode.swift; path = GlobalHotkeys.swift; sourceTree = "<group>"; };
		55E5367FD41FCDDF946E82B0 /* Prefs.swift */ = {isa = PBXFileReference; lastKnownFileType = sourcecode.swift; path = Prefs.swift; sourceTree = "<group>"; };
		7E61C01A9FD4B908B4910C6D /* NowPlayingBridge.swift */ = {isa = PBXFileReference; lastKnownFileType = sourcecode.swift; path = NowPlayingBridge.swift; sourceTree = "<group>"; };
		9CAC15D89B673192722274EC /* MainWindowView.swift */ = {isa = PBXFileReference; lastKnownFileType = sourcecode.swift; path = MainWindowView.swift; sourceTree = "<group>"; };
		B2210E62872345F44D14C42F /* Info.plist */ = {isa = PBXFileReference; lastKnownFileType = text.plist; path = Info.plist; sourceTree = "<group>"; };
		C12322653DF30954F37F01AF /* AppBootstrap.swift */ = {isa = PBXFileReference; lastKnownFileType = sourcecode.swift; path = AppBootstrap.swift; sourceTree = "<group>"; };
		CDF6D2FDA80F91D75A970C43 /* SessionSnapshot.swift */ = {isa = PBXFileReference; lastKnownFileType = sourcecode.swift; path = SessionSnapshot.swift; sourceTree = "<group>"; };
		D60D0DE7DD8F552AFC71D4F1 /* NotificationPresenter.swift */ = {isa = PBXFileReference; lastKnownFileType = sourcecode.swift; path = NotificationPresenter.swift; sourceTree = "<group>"; };
		DC907284417A2ED90AE92C82 /* PianobarGUIApp.swift */ = {isa = PBXFileReference; lastKnownFileType = sourcecode.swift; path = PianobarGUIApp.swift; sourceTree = "<group>"; };
		DCBC3E6F9EB0BCB3B76588B8 /* ErrorBanner.swift */ = {isa = PBXFileReference; lastKnownFileType = sourcecode.swift; path = ErrorBanner.swift; sourceTree = "<group>"; };
		E76EFE33F3068B7D1E59808D /* PianobarCore */ = {isa = PBXFileReference; lastKnownFileType = folder; name = PianobarCore; path = Packages/PianobarCore; sourceTree = SOURCE_ROOT; };
		E86A9EEEF6B2F335456AAA1A /* StationsSidebarView.swift */ = {isa = PBXFileReference; lastKnownFileType = sourcecode.swift; path = StationsSidebarView.swift; sourceTree = "<group>"; };
		EDC626EDA1076A67F46E8683 /* PianobarGUI.app */ = {isa = PBXFileReference; explicitFileType = wrapper.application; includeInIndex = 0; path = PianobarGUI.app; sourceTree = BUILT_PRODUCTS_DIR; };
		F131B6A830377123C387B091 /* PreferencesView.swift */ = {isa = PBXFileReference; lastKnownFileType = sourcecode.swift; path = PreferencesView.swift; sourceTree = "<group>"; };
		F1E6802747EFF524E135F3E3 /* SystemVolume.swift */ = {isa = PBXFileReference; lastKnownFileType = sourcecode.swift; path = SystemVolume.swift; sourceTree = "<group>"; };
		FBC19A543E459CFE9C8F7BEA /* HistoryView.swift */ = {isa = PBXFileReference; lastKnownFileType = sourcecode.swift; path = HistoryView.swift; sourceTree = "<group>"; };
/* End PBXFileReference section */

/* Begin PBXFrameworksBuildPhase section */
		F27D7FE690545FC80AC60BA9 /* Frameworks */ = {
			isa = PBXFrameworksBuildPhase;
			buildActionMask = 2147483647;
			files = (
				4E48D98913AF399C22FC6164 /* PianobarCore in Frameworks */,
			);
			runOnlyForDeploymentPostprocessing = 0;
		};
/* End PBXFrameworksBuildPhase section */

/* Begin PBXGroup section */
		389715B26B8EC693F5BC13AF /* Products */ = {
			isa = PBXGroup;
			children = (
				EDC626EDA1076A67F46E8683 /* PianobarGUI.app */,
			);
			name = Products;
			sourceTree = "<group>";
		};
		5F1F9DCC9A37C23D6B265813 /* System */ = {
			isa = PBXGroup;
			children = (
				48F5113C2E33A46619F61AB0 /* GlobalHotkeys.swift */,
				0B27A33793EFCD536E4CE7D1 /* MenuBar.swift */,
				D60D0DE7DD8F552AFC71D4F1 /* NotificationPresenter.swift */,
				7E61C01A9FD4B908B4910C6D /* NowPlayingBridge.swift */,
			);
			path = System;
			sourceTree = "<group>";
		};
		6C8025875113B7478D241F75 /* App */ = {
			isa = PBXGroup;
			children = (
				C12322653DF30954F37F01AF /* AppBootstrap.swift */,
				B2210E62872345F44D14C42F /* Info.plist */,
				DC907284417A2ED90AE92C82 /* PianobarGUIApp.swift */,
				55E5367FD41FCDDF946E82B0 /* Prefs.swift */,
				CDF6D2FDA80F91D75A970C43 /* SessionSnapshot.swift */,
				F1E6802747EFF524E135F3E3 /* SystemVolume.swift */,
				5F1F9DCC9A37C23D6B265813 /* System */,
				E355C11557A7995074C57C15 /* Views */,
			);
			path = App;
			sourceTree = "<group>";
		};
		7F13F7D278681384C6D9A41D /* Packages */ = {
			isa = PBXGroup;
			children = (
				E76EFE33F3068B7D1E59808D /* PianobarCore */,
			);
			path = Packages;
			sourceTree = "<group>";
		};
		E008074249D9D033207564B2 = {
			isa = PBXGroup;
			children = (
				6C8025875113B7478D241F75 /* App */,
				7F13F7D278681384C6D9A41D /* Packages */,
				389715B26B8EC693F5BC13AF /* Products */,
			);
			sourceTree = "<group>";
		};
		E355C11557A7995074C57C15 /* Views */ = {
			isa = PBXGroup;
			children = (
				DCBC3E6F9EB0BCB3B76588B8 /* ErrorBanner.swift */,
				FBC19A543E459CFE9C8F7BEA /* HistoryView.swift */,
				42A133FADB073A0E23B2FEDE /* LoginView.swift */,
				9CAC15D89B673192722274EC /* MainWindowView.swift */,
				1BC5936206EFA2AD9926CC64 /* NowPlayingView.swift */,
				F131B6A830377123C387B091 /* PreferencesView.swift */,
				E86A9EEEF6B2F335456AAA1A /* StationsSidebarView.swift */,
			);
			path = Views;
			sourceTree = "<group>";
		};
/* End PBXGroup section */

/* Begin PBXNativeTarget section */
		7CF1D7E551E9222E3F68136C /* PianobarGUI */ = {
			isa = PBXNativeTarget;
			buildConfigurationList = 960FBBE445F693D0F0E03642 /* Build configuration list for PBXNativeTarget "PianobarGUI" */;
			buildPhases = (
				0806B093BA14A03309A95026 /* Sources */,
				F27D7FE690545FC80AC60BA9 /* Frameworks */,
			);
			buildRules = (
			);
			dependencies = (
			);
			name = PianobarGUI;
			packageProductDependencies = (
				150E4869B0E0764AD2D55501 /* PianobarCore */,
			);
			productName = PianobarGUI;
			productReference = EDC626EDA1076A67F46E8683 /* PianobarGUI.app */;
			productType = "com.apple.product-type.application";
		};
/* End PBXNativeTarget section */

/* Begin PBXProject section */
		C9168242FD332CD974683F1F /* Project object */ = {
			isa = PBXProject;
			attributes = {
				BuildIndependentTargetsInParallel = YES;
				LastUpgradeCheck = 1430;
				TargetAttributes = {
					7CF1D7E551E9222E3F68136C = {
						DevelopmentTeam = "";
						ProvisioningStyle = Automatic;
					};
				};
			};
			buildConfigurationList = 8610060C4B5D16F7F2D9198A /* Build configuration list for PBXProject "PianobarGUI" */;
			developmentRegion = en;
			hasScannedForEncodings = 0;
			knownRegions = (
				Base,
				en,
			);
			mainGroup = E008074249D9D033207564B2;
			minimizedProjectReferenceProxies = 1;
			packageReferences = (
				B3F3D86CE887CFEC6FB48112 /* XCLocalSwiftPackageReference "Packages/PianobarCore" */,
			);
			preferredProjectObjectVersion = 77;
			productRefGroup = 389715B26B8EC693F5BC13AF /* Products */;
			projectDirPath = "";
			projectRoot = "";
			targets = (
				7CF1D7E551E9222E3F68136C /* PianobarGUI */,
			);
		};
/* End PBXProject section */

/* Begin PBXSourcesBuildPhase section */
		0806B093BA14A03309A95026 /* Sources */ = {
			isa = PBXSourcesBuildPhase;
			buildActionMask = 2147483647;
			files = (
				0C943CC5A00CBFEDAB8F256D /* AppBootstrap.swift in Sources */,
				2B54E61E07F5174385F4A133 /* ErrorBanner.swift in Sources */,
				5B38113740DE745403CDEAAC /* GlobalHotkeys.swift in Sources */,
				07AAAA4C4F9E0E3B9AEAB0E6 /* HistoryView.swift in Sources */,
				D6FDBE89C173B604A693917F /* LoginView.swift in Sources */,
				A0AA32140B4EE7C02AC47234 /* MainWindowView.swift in Sources */,
				9043EC6B5D2ED6FA44E223DC /* MenuBar.swift in Sources */,
				56B71C28564382892C6625CC /* NotificationPresenter.swift in Sources */,
				D70DF8A974C65F39212755DB /* NowPlayingBridge.swift in Sources */,
				F0D1D777ABDAEF27887D3867 /* NowPlayingView.swift in Sources */,
				E145C93EA899C688EB5E985A /* PianobarGUIApp.swift in Sources */,
				BDEA039AC61C621EB3FCDD71 /* PreferencesView.swift in Sources */,
				F40435B8A65FFE21EF7A36A1 /* Prefs.swift in Sources */,
				563F4A76E47351576496291A /* SessionSnapshot.swift in Sources */,
				F4E702972F0693C68B0B6784 /* StationsSidebarView.swift in Sources */,
				658AEB12A888379C64342287 /* SystemVolume.swift in Sources */,
			);
			runOnlyForDeploymentPostprocessing = 0;
		};
/* End PBXSourcesBuildPhase section */

/* Begin XCBuildConfiguration section */
		6F34CBD353EDC4BD39982CAC /* Debug */ = {
			isa = XCBuildConfiguration;
			buildSettings = {
				ASSETCATALOG_COMPILER_APPICON_NAME = AppIcon;
				CODE_SIGN_STYLE = Automatic;
				COMBINE_HIDPI_IMAGES = YES;
				DEVELOPMENT_TEAM = "";
				ENABLE_HARDENED_RUNTIME = YES;
				GENERATE_INFOPLIST_FILE = YES;
				INFOPLIST_FILE = App/Info.plist;
				LD_RUNPATH_SEARCH_PATHS = (
					"$(inherited)",
					"@executable_path/../Frameworks",
				);
				MACOSX_DEPLOYMENT_TARGET = 13.0;
				PRODUCT_BUNDLE_IDENTIFIER = "org.pianobar-gui.PianobarGUI";
				SDKROOT = macosx;
				SWIFT_VERSION = 5.9;
			};
			name = Debug;
		};
		B26FA13EDC0005D6A2A5FE89 /* Release */ = {
			isa = XCBuildConfiguration;
			buildSettings = {
				ALWAYS_SEARCH_USER_PATHS = NO;
				CLANG_ANALYZER_NONNULL = YES;
				CLANG_ANALYZER_NUMBER_OBJECT_CONVERSION = YES_AGGRESSIVE;
				CLANG_CXX_LANGUAGE_STANDARD = "gnu++14";
				CLANG_CXX_LIBRARY = "libc++";
				CLANG_ENABLE_MODULES = YES;
				CLANG_ENABLE_OBJC_ARC = YES;
				CLANG_ENABLE_OBJC_WEAK = YES;
				CLANG_WARN_BLOCK_CAPTURE_AUTORELEASING = YES;
				CLANG_WARN_BOOL_CONVERSION = YES;
				CLANG_WARN_COMMA = YES;
				CLANG_WARN_CONSTANT_CONVERSION = YES;
				CLANG_WARN_DEPRECATED_OBJC_IMPLEMENTATIONS = YES;
				CLANG_WARN_DIRECT_OBJC_ISA_USAGE = YES_ERROR;
				CLANG_WARN_DOCUMENTATION_COMMENTS = YES;
				CLANG_WARN_EMPTY_BODY = YES;
				CLANG_WARN_ENUM_CONVERSION = YES;
				CLANG_WARN_INFINITE_RECURSION = YES;
				CLANG_WARN_INT_CONVERSION = YES;
				CLANG_WARN_NON_LITERAL_NULL_CONVERSION = YES;
				CLANG_WARN_OBJC_IMPLICIT_RETAIN_SELF = YES;
				CLANG_WARN_OBJC_LITERAL_CONVERSION = YES;
				CLANG_WARN_OBJC_ROOT_CLASS = YES_ERROR;
				CLANG_WARN_QUOTED_INCLUDE_IN_FRAMEWORK_HEADER = YES;
				CLANG_WARN_RANGE_LOOP_ANALYSIS = YES;
				CLANG_WARN_STRICT_PROTOTYPES = YES;
				CLANG_WARN_SUSPICIOUS_MOVE = YES;
				CLANG_WARN_UNGUARDED_AVAILABILITY = YES_AGGRESSIVE;
				CLANG_WARN_UNREACHABLE_CODE = YES;
				CLANG_WARN__DUPLICATE_METHOD_MATCH = YES;
				COPY_PHASE_STRIP = NO;
				DEBUG_INFORMATION_FORMAT = "dwarf-with-dsym";
				ENABLE_NS_ASSERTIONS = NO;
				ENABLE_STRICT_OBJC_MSGSEND = YES;
				GCC_C_LANGUAGE_STANDARD = gnu11;
				GCC_NO_COMMON_BLOCKS = YES;
				GCC_WARN_64_TO_32_BIT_CONVERSION = YES;
				GCC_WARN_ABOUT_RETURN_TYPE = YES_ERROR;
				GCC_WARN_UNDECLARED_SELECTOR = YES;
				GCC_WARN_UNINITIALIZED_AUTOS = YES_AGGRESSIVE;
				GCC_WARN_UNUSED_FUNCTION = YES;
				GCC_WARN_UNUSED_VARIABLE = YES;
				MACOSX_DEPLOYMENT_TARGET = 13.0;
				MTL_ENABLE_DEBUG_INFO = NO;
				MTL_FAST_MATH = YES;
				PRODUCT_NAME = "$(TARGET_NAME)";
				SDKROOT = macosx;
				SWIFT_COMPILATION_MODE = wholemodule;
				SWIFT_OPTIMIZATION_LEVEL = "-O";
				SWIFT_VERSION = 5.0;
			};
			name = Release;
		};
		F2DEAFC5C1BD4FD19F4A2564 /* Release */ = {
			isa = XCBuildConfiguration;
			buildSettings = {
				ASSETCATALOG_COMPILER_APPICON_NAME = AppIcon;
				CODE_SIGN_STYLE = Automatic;
				COMBINE_HIDPI_IMAGES = YES;
				DEVELOPMENT_TEAM = "";
				ENABLE_HARDENED_RUNTIME = YES;
				GENERATE_INFOPLIST_FILE = YES;
				INFOPLIST_FILE = App/Info.plist;
				LD_RUNPATH_SEARCH_PATHS = (
					"$(inherited)",
					"@executable_path/../Frameworks",
				);
				MACOSX_DEPLOYMENT_TARGET = 13.0;
				PRODUCT_BUNDLE_IDENTIFIER = "org.pianobar-gui.PianobarGUI";
				SDKROOT = macosx;
				SWIFT_VERSION = 5.9;
			};
			name = Release;
		};
		FB5061C3686F0D2F3AA039ED /* Debug */ = {
			isa = XCBuildConfiguration;
			buildSettings = {
				ALWAYS_SEARCH_USER_PATHS = NO;
				CLANG_ANALYZER_NONNULL = YES;
				CLANG_ANALYZER_NUMBER_OBJECT_CONVERSION = YES_AGGRESSIVE;
				CLANG_CXX_LANGUAGE_STANDARD = "gnu++14";
				CLANG_CXX_LIBRARY = "libc++";
				CLANG_ENABLE_MODULES = YES;
				CLANG_ENABLE_OBJC_ARC = YES;
				CLANG_ENABLE_OBJC_WEAK = YES;
				CLANG_WARN_BLOCK_CAPTURE_AUTORELEASING = YES;
				CLANG_WARN_BOOL_CONVERSION = YES;
				CLANG_WARN_COMMA = YES;
				CLANG_WARN_CONSTANT_CONVERSION = YES;
				CLANG_WARN_DEPRECATED_OBJC_IMPLEMENTATIONS = YES;
				CLANG_WARN_DIRECT_OBJC_ISA_USAGE = YES_ERROR;
				CLANG_WARN_DOCUMENTATION_COMMENTS = YES;
				CLANG_WARN_EMPTY_BODY = YES;
				CLANG_WARN_ENUM_CONVERSION = YES;
				CLANG_WARN_INFINITE_RECURSION = YES;
				CLANG_WARN_INT_CONVERSION = YES;
				CLANG_WARN_NON_LITERAL_NULL_CONVERSION = YES;
				CLANG_WARN_OBJC_IMPLICIT_RETAIN_SELF = YES;
				CLANG_WARN_OBJC_LITERAL_CONVERSION = YES;
				CLANG_WARN_OBJC_ROOT_CLASS = YES_ERROR;
				CLANG_WARN_QUOTED_INCLUDE_IN_FRAMEWORK_HEADER = YES;
				CLANG_WARN_RANGE_LOOP_ANALYSIS = YES;
				CLANG_WARN_STRICT_PROTOTYPES = YES;
				CLANG_WARN_SUSPICIOUS_MOVE = YES;
				CLANG_WARN_UNGUARDED_AVAILABILITY = YES_AGGRESSIVE;
				CLANG_WARN_UNREACHABLE_CODE = YES;
				CLANG_WARN__DUPLICATE_METHOD_MATCH = YES;
				COPY_PHASE_STRIP = NO;
				DEBUG_INFORMATION_FORMAT = dwarf;
				ENABLE_STRICT_OBJC_MSGSEND = YES;
				ENABLE_TESTABILITY = YES;
				GCC_C_LANGUAGE_STANDARD = gnu11;
				GCC_DYNAMIC_NO_PIC = NO;
				GCC_NO_COMMON_BLOCKS = YES;
				GCC_OPTIMIZATION_LEVEL = 0;
				GCC_PREPROCESSOR_DEFINITIONS = (
					"$(inherited)",
					"DEBUG=1",
				);
				GCC_WARN_64_TO_32_BIT_CONVERSION = YES;
				GCC_WARN_ABOUT_RETURN_TYPE = YES_ERROR;
				GCC_WARN_UNDECLARED_SELECTOR = YES;
				GCC_WARN_UNINITIALIZED_AUTOS = YES_AGGRESSIVE;
				GCC_WARN_UNUSED_FUNCTION = YES;
				GCC_WARN_UNUSED_VARIABLE = YES;
				MACOSX_DEPLOYMENT_TARGET = 13.0;
				MTL_ENABLE_DEBUG_INFO = INCLUDE_SOURCE;
				MTL_FAST_MATH = YES;
				ONLY_ACTIVE_ARCH = YES;
				PRODUCT_NAME = "$(TARGET_NAME)";
				SDKROOT = macosx;
				SWIFT_ACTIVE_COMPILATION_CONDITIONS = DEBUG;
				SWIFT_OPTIMIZATION_LEVEL = "-Onone";
				SWIFT_VERSION = 5.0;
			};
			name = Debug;
		};
/* End XCBuildConfiguration section */

/* Begin XCConfigurationList section */
		8610060C4B5D16F7F2D9198A /* Build configuration list for PBXProject "PianobarGUI" */ = {
			isa = XCConfigurationList;
			buildConfigurations = (
				FB5061C3686F0D2F3AA039ED /* Debug */,
				B26FA13EDC0005D6A2A5FE89 /* Release */,
			);
			defaultConfigurationIsVisible = 0;
			defaultConfigurationName = Debug;
		};
		960FBBE445F693D0F0E03642 /* Build configuration list for PBXNativeTarget "PianobarGUI" */ = {
			isa = XCConfigurationList;
			buildConfigurations = (
				6F34CBD353EDC4BD39982CAC /* Debug */,
				F2DEAFC5C1BD4FD19F4A2564 /* Release */,
			);
			defaultConfigurationIsVisible = 0;
			defaultConfigurationName = Debug;
		};
/* End XCConfigurationList section */

/* Begin XCLocalSwiftPackageReference section */
		B3F3D86CE887CFEC6FB48112 /* XCLocalSwiftPackageReference "Packages/PianobarCore" */ = {
			isa = XCLocalSwiftPackageReference;
			relativePath = Packages/PianobarCore;
		};
/* End XCLocalSwiftPackageReference section */

/* Begin XCSwiftPackageProductDependency section */
		150E4869B0E0764AD2D55501 /* PianobarCore */ = {
			isa = XCSwiftPackageProductDependency;
			productName = PianobarCore;
		};
/* End XCSwiftPackageProductDependency section */
	};
	rootObject = C9168242FD332CD974683F1F /* Project object */;
}
